
Microsoft Visual Studio Solution File, Format Version 12.00
# Visual Studio Version 16
VisualStudioVersion = 16.0.35130.168
MinimumVisualStudioVersion = 10.0.40219.1
Project("{FAE04EC0-301F-11D3-BF4B-00C04F79EFBC}") = "Figuras", "Figuras\Figuras.csproj", "{AFC0E596-8684-4129-B915-C59AA1EE1332}"
EndProject
Global
	GlobalSection(SolutionConfigurationPlatforms) = preSolution
		Debug|Any CPU = Debug|Any CPU
		Release|Any CPU = Release|Any CPU
	EndGlobalSection
	GlobalSection(ProjectConfigurationPlatforms) = postSolution
		{AFC0E596-8684-4129-B915-C59AA1EE1332}.Debug|Any CPU.ActiveCfg = Debug|Any CPU
		{AFC0E596-8684-4129-B915-C59AA1EE1332}.Debug|Any CPU.Build.0 = Debug|Any CPU
		{AFC0E596-8684-4129-B915-C59AA1EE1332}.Release|Any CPU.ActiveCfg = Release|Any CPU
		{AFC0E596-8684-4129-B915-C59AA1EE1332}.Release|Any CPU.Build.0 = Release|Any CPU
	EndGlobalSection
	GlobalSection(SolutionProperties) = preSolution
		HideSolutionNode = FALSE
	EndGlobalSection
	GlobalSection(ExtensibilityGlobals) = postSolution
		SolutionGuid = {169FD0C3-FB52-48CA-BE60-18408B485BEC}
	EndGlobalSection
EndGlobal
