
Microsoft Visual Studio Solution File, Format Version 12.00
# Visual Studio Version 16
VisualStudioVersion = 16.0.35130.168
MinimumVisualStudioVersion = 10.0.40219.1
Project("{FAE04EC0-301F-11D3-BF4B-00C04F79EFBC}") = "Cronometro", "Cronometro\Cronometro.csproj", "{FD346778-F469-49DC-9806-21FD2FBC59B3}"
EndProject
Global
	GlobalSection(SolutionConfigurationPlatforms) = preSolution
		Debug|Any CPU = Debug|Any CPU
		Release|Any CPU = Release|Any CPU
	EndGlobalSection
	GlobalSection(ProjectConfigurationPlatforms) = postSolution
		{FD346778-F469-49DC-9806-21FD2FBC59B3}.Debug|Any CPU.ActiveCfg = Debug|Any CPU
		{FD346778-F469-49DC-9806-21FD2FBC59B3}.Debug|Any CPU.Build.0 = Debug|Any CPU
		{FD346778-F469-49DC-9806-21FD2FBC59B3}.Release|Any CPU.ActiveCfg = Release|Any CPU
		{FD346778-F469-49DC-9806-21FD2FBC59B3}.Release|Any CPU.Build.0 = Release|Any CPU
	EndGlobalSection
	GlobalSection(SolutionProperties) = preSolution
		HideSolutionNode = FALSE
	EndGlobalSection
	GlobalSection(ExtensibilityGlobals) = postSolution
		SolutionGuid = {0669F35D-656E-40FA-90F4-B3DB2BDDA798}
	EndGlobalSection
EndGlobal
